{
  "name": "auth-new-tool",
  "version": "1.0.0",
  "lockfileVersion": 2,
  "requires": true,
  "packages": {
    "": {
      "name": "auth-new-tool",
      "version": "1.0.0",
      "license": "ISC",
      "dependencies": {
        "bun": "^1.0.11"
      }
    },
    "node_modules/@oven/bun-darwin-aarch64": {
      "version": "1.0.11",
      "resolved": "https://registry.npmjs.org/@oven/bun-darwin-aarch64/-/bun-darwin-aarch64-1.0.11.tgz",
      "integrity": "sha512-6wCO37lyGNcqefEDQ7IJp4LW7ElKMH50/hlvW5agIBN/XbTwwtv3788dJ9NczEV7RQSlkOI6J3dUoQJ6Pgav6w==",
      "cpu": [
        "arm64"
      ],
      "optional": true,
      "os": [
        "darwin"
      ]
    },
    "node_modules/@oven/bun-darwin-x64": {
      "version": "1.0.11",
      "resolved": "https://registry.npmjs.org/@oven/bun-darwin-x64/-/bun-darwin-x64-1.0.11.tgz",
      "integrity": "sha512-5eCtrlOfMuhg7es/6p/rZw5+4khBao/hhGKCPHl9LBok1Mrf5QQjGbXj9OoA2RC2Lxm9av4nrAZG/5nMM01B2g==",
      "cpu": [
        "x64"
      ],
      "optional": true,
      "os": [
        "darwin"
      ]
    },
    "node_modules/@oven/bun-darwin-x64-baseline": {
      "version": "1.0.11",
      "resolved": "https://registry.npmjs.org/@oven/bun-darwin-x64-baseline/-/bun-darwin-x64-baseline-1.0.11.tgz",
      "integrity": "sha512-is9liFB10GUN/UsSZVkO5tfMIJcBkiDqRvVzNkDHix/i5aXyaBb0vX+uOdJTlHDZyNGi+vHhbRMq3c3ezjJKPA==",
      "cpu": [
        "x64"
      ],
      "optional": true,
      "os": [
        "darwin"
      ]
    },
    "node_modules/@oven/bun-linux-aarch64": {
      "version": "1.0.11",
      "resolved": "https://registry.npmjs.org/@oven/bun-linux-aarch64/-/bun-linux-aarch64-1.0.11.tgz",
      "integrity": "sha512-P8hI+vQ+8ffsMLRi2TNzkxsHukrNQD8G2luWo/ndJ55+1uuAMScWZooxm9rgWL6baoB/TL9/Hvi/6INGoE8UlQ==",
      "cpu": [
        "arm64"
      ],
      "optional": true,
      "os": [
        "linux"
      ]
    },
    "node_modules/@oven/bun-linux-x64": {
      "version": "1.0.11",
      "resolved": "https://registry.npmjs.org/@oven/bun-linux-x64/-/bun-linux-x64-1.0.11.tgz",
      "integrity": "sha512-F9ZcgVHsPQk6ooHXIeydiLcVcMwhGRjSlOVeHBuHEJ+bI24e/dCY73UKEEz8/hLNA32ocDMmkAGE79qv0ccEIA==",
      "cpu": [
        "x64"
      ],
      "optional": true,
      "os": [
        "linux"
      ]
    },
    "node_modules/@oven/bun-linux-x64-baseline": {
      "version": "1.0.11",
      "resolved": "https://registry.npmjs.org/@oven/bun-linux-x64-baseline/-/bun-linux-x64-baseline-1.0.11.tgz",
      "integrity": "sha512-Asx4pEMDXfmu9Sa0jX4PE1Wijtg1oCfUx8o4FeQEvnVz2+cGG+VoqZXuITmoQC6A4IzAZuJ1tcWOZ8jQCDtvJA==",
      "cpu": [
        "x64"
      ],
      "optional": true,
      "os": [
        "linux"
      ]
    },
    "node_modules/bun": {
      "version": "1.0.11",
      "resolved": "https://registry.npmjs.org/bun/-/bun-1.0.11.tgz",
      "integrity": "sha512-cKyQAQOfWNIP511UpQjkABUp7z/5+1ci2kXfhjL9PozHoCaCtnYFtVjeqU1LovpqEP1agAsMiDpGNKbJP89RIw==",
      "cpu": [
        "arm64",
        "x64"
      ],
      "hasInstallScript": true,
      "os": [
        "darwin",
        "linux"
      ],
      "bin": {
        "bun": "bin/bun",
        "bunx": "bin/bun"
      },
      "optionalDependencies": {
        "@oven/bun-darwin-aarch64": "1.0.11",
        "@oven/bun-darwin-x64": "1.0.11",
        "@oven/bun-darwin-x64-baseline": "1.0.11",
        "@oven/bun-linux-aarch64": "1.0.11",
        "@oven/bun-linux-x64": "1.0.11",
        "@oven/bun-linux-x64-baseline": "1.0.11"
      }
    }
  },
  "dependencies": {
    "@oven/bun-darwin-aarch64": {
      "version": "1.0.11",
      "resolved": "https://registry.npmjs.org/@oven/bun-darwin-aarch64/-/bun-darwin-aarch64-1.0.11.tgz",
      "integrity": "sha512-6wCO37lyGNcqefEDQ7IJp4LW7ElKMH50/hlvW5agIBN/XbTwwtv3788dJ9NczEV7RQSlkOI6J3dUoQJ6Pgav6w==",
      "optional": true
    },
    "@oven/bun-darwin-x64": {
      "version": "1.0.11",
      "resolved": "https://registry.npmjs.org/@oven/bun-darwin-x64/-/bun-darwin-x64-1.0.11.tgz",
      "integrity": "sha512-5eCtrlOfMuhg7es/6p/rZw5+4khBao/hhGKCPHl9LBok1Mrf5QQjGbXj9OoA2RC2Lxm9av4nrAZG/5nMM01B2g==",
      "optional": true
    },
    "@oven/bun-darwin-x64-baseline": {
      "version": "1.0.11",
      "resolved": "https://registry.npmjs.org/@oven/bun-darwin-x64-baseline/-/bun-darwin-x64-baseline-1.0.11.tgz",
      "integrity": "sha512-is9liFB10GUN/UsSZVkO5tfMIJcBkiDqRvVzNkDHix/i5aXyaBb0vX+uOdJTlHDZyNGi+vHhbRMq3c3ezjJKPA==",
      "optional": true
    },
    "@oven/bun-linux-aarch64": {
      "version": "1.0.11",
      "resolved": "https://registry.npmjs.org/@oven/bun-linux-aarch64/-/bun-linux-aarch64-1.0.11.tgz",
      "integrity": "sha512-P8hI+vQ+8ffsMLRi2TNzkxsHukrNQD8G2luWo/ndJ55+1uuAMScWZooxm9rgWL6baoB/TL9/Hvi/6INGoE8UlQ==",
      "optional": true
    },
    "@oven/bun-linux-x64": {
      "version": "1.0.11",
      "resolved": "https://registry.npmjs.org/@oven/bun-linux-x64/-/bun-linux-x64-1.0.11.tgz",
      "integrity": "sha512-F9ZcgVHsPQk6ooHXIeydiLcVcMwhGRjSlOVeHBuHEJ+bI24e/dCY73UKEEz8/hLNA32ocDMmkAGE79qv0ccEIA==",
      "optional": true
    },
    "@oven/bun-linux-x64-baseline": {
      "version": "1.0.11",
      "resolved": "https://registry.npmjs.org/@oven/bun-linux-x64-baseline/-/bun-linux-x64-baseline-1.0.11.tgz",
      "integrity": "sha512-Asx4pEMDXfmu9Sa0jX4PE1Wijtg1oCfUx8o4FeQEvnVz2+cGG+VoqZXuITmoQC6A4IzAZuJ1tcWOZ8jQCDtvJA==",
      "optional": true
    },
    "bun": {
      "version": "1.0.11",
      "resolved": "https://registry.npmjs.org/bun/-/bun-1.0.11.tgz",
      "integrity": "sha512-cKyQAQOfWNIP511UpQjkABUp7z/5+1ci2kXfhjL9PozHoCaCtnYFtVjeqU1LovpqEP1agAsMiDpGNKbJP89RIw==",
      "requires": {
        "@oven/bun-darwin-aarch64": "1.0.11",
        "@oven/bun-darwin-x64": "1.0.11",
        "@oven/bun-darwin-x64-baseline": "1.0.11",
        "@oven/bun-linux-aarch64": "1.0.11",
        "@oven/bun-linux-x64": "1.0.11",
        "@oven/bun-linux-x64-baseline": "1.0.11"
      }
    }
  }
}
